
Microsoft Visual Studio Solution File, Format Version 12.00
# Visual Studio Version 16
VisualStudioVersion = 16.0.29609.76
MinimumVisualStudioVersion = 10.0.40219.1
Project("{FAE04EC0-301F-11D3-BF4B-00C04F79EFBC}") = "ChallengeNubim", "ChallengeNubim\ChallengeNubim.csproj", "{60C03450-84A7-4E3D-BE0A-E0435798FE15}"
EndProject
Project("{FAE04EC0-301F-11D3-BF4B-00C04F79EFBC}") = "UnitTestChallengeNubim", "UnitTestChallengeNubim\UnitTestChallengeNubim.csproj", "{4193E644-3CDA-4753-B8CB-7252A21F39B9}"
EndProject
Global
	GlobalSection(SolutionConfigurationPlatforms) = preSolution
		Debug|Any CPU = Debug|Any CPU
		Release|Any CPU = Release|Any CPU
	EndGlobalSection
	GlobalSection(ProjectConfigurationPlatforms) = postSolution
		{60C03450-84A7-4E3D-BE0A-E0435798FE15}.Debug|Any CPU.ActiveCfg = Debug|Any CPU
		{60C03450-84A7-4E3D-BE0A-E0435798FE15}.Debug|Any CPU.Build.0 = Debug|Any CPU
		{60C03450-84A7-4E3D-BE0A-E0435798FE15}.Release|Any CPU.ActiveCfg = Release|Any CPU
		{60C03450-84A7-4E3D-BE0A-E0435798FE15}.Release|Any CPU.Build.0 = Release|Any CPU
		{4193E644-3CDA-4753-B8CB-7252A21F39B9}.Debug|Any CPU.ActiveCfg = Debug|Any CPU
		{4193E644-3CDA-4753-B8CB-7252A21F39B9}.Debug|Any CPU.Build.0 = Debug|Any CPU
		{4193E644-3CDA-4753-B8CB-7252A21F39B9}.Release|Any CPU.ActiveCfg = Release|Any CPU
		{4193E644-3CDA-4753-B8CB-7252A21F39B9}.Release|Any CPU.Build.0 = Release|Any CPU
	EndGlobalSection
	GlobalSection(SolutionProperties) = preSolution
		HideSolutionNode = FALSE
	EndGlobalSection
	GlobalSection(ExtensibilityGlobals) = postSolution
		SolutionGuid = {AD876C92-7069-4AC6-B65B-08DD0746F39D}
	EndGlobalSection
EndGlobal
